// !$*UTF8*$!
{
	archiveVersion = 1;
	classes = {
	};
	objectVersion = 56;
	objects = {

/* Begin PBXBuildFile section */
		700A427C2B14D57E004A47DA /* landmarkData.json in Resources */ = {isa = PBXBuildFile; fileRef = 700A427B2B14D57E004A47DA /* landmarkData.json */; };
		700A427F2B14D5B6004A47DA /* Landmark.swift in Sources */ = {isa = PBXBuildFile; fileRef = 700A427E2B14D5B6004A47DA /* Landmark.swift */; };
		700A42972B14D7AF004A47DA /* Coordinates.swift in Sources */ = {isa = PBXBuildFile; fileRef = 700A42962B14D7AF004A47DA /* Coordinates.swift */; };
		700A429A2B14D856004A47DA /* LandmarkRepository.swift in Sources */ = {isa = PBXBuildFile; fileRef = 700A42992B14D856004A47DA /* LandmarkRepository.swift */; };
		700A429C2B14D88B004A47DA /* JsonFileLoader.swift in Sources */ = {isa = PBXBuildFile; fileRef = 700A429B2B14D88B004A47DA /* JsonFileLoader.swift */; };
		700A429F2B14DB70004A47DA /* LandmarkRow.swift in Sources */ = {isa = PBXBuildFile; fileRef = 700A429E2B14DB70004A47DA /* LandmarkRow.swift */; };
		700A42A12B14DE29004A47DA /* LandmarksList.swift in Sources */ = {isa = PBXBuildFile; fileRef = 700A42A02B14DE29004A47DA /* LandmarksList.swift */; };
		70328D042B11159100BC9A48 /* MapKit.framework in Frameworks */ = {isa = PBXBuildFile; fileRef = 70328D032B11159100BC9A48 /* MapKit.framework */; };
		703857332B1119470023231E /* CircleImage.swift in Sources */ = {isa = PBXBuildFile; fileRef = 703857312B1119460023231E /* CircleImage.swift */; };
		703857342B1119470023231E /* ParkView.swift in Sources */ = {isa = PBXBuildFile; fileRef = 703857322B1119470023231E /* ParkView.swift */; };
		7057A7A42B177B2300F0CB11 /* Alamofire in Frameworks */ = {isa = PBXBuildFile; productRef = 7057A7A32B177B2300F0CB11 /* Alamofire */; };
		7057A7A82B178B4000F0CB11 /* LandmarkService.swift in Sources */ = {isa = PBXBuildFile; fileRef = 7057A7A72B178B4000F0CB11 /* LandmarkService.swift */; };
		70928A382B168C5B00870DC7 /* Route.swift in Sources */ = {isa = PBXBuildFile; fileRef = 70928A372B168C5B00870DC7 /* Route.swift */; };
		70928A3A2B168D4B00870DC7 /* HomeScreen.swift in Sources */ = {isa = PBXBuildFile; fileRef = 70928A392B168D4B00870DC7 /* HomeScreen.swift */; };
		70928A3C2B168D9300870DC7 /* NavigationGraph.swift in Sources */ = {isa = PBXBuildFile; fileRef = 70928A3B2B168D9200870DC7 /* NavigationGraph.swift */; };
		70A787652B16304C00B15B22 /* LandmarkListViewModel.swift in Sources */ = {isa = PBXBuildFile; fileRef = 70A787642B16304C00B15B22 /* LandmarkListViewModel.swift */; };
		70F21B5D2B10EBFB00429F23 /* LandmarksApp.swift in Sources */ = {isa = PBXBuildFile; fileRef = 70F21B5C2B10EBFB00429F23 /* LandmarksApp.swift */; };
		70F21B5F2B10EBFB00429F23 /* LandmarkDetails.swift in Sources */ = {isa = PBXBuildFile; fileRef = 70F21B5E2B10EBFB00429F23 /* LandmarkDetails.swift */; };
		70F21B612B10EBFC00429F23 /* Assets.xcassets in Resources */ = {isa = PBXBuildFile; fileRef = 70F21B602B10EBFC00429F23 /* Assets.xcassets */; };
		70F21B652B10EBFC00429F23 /* Preview Assets.xcassets in Resources */ = {isa = PBXBuildFile; fileRef = 70F21B642B10EBFC00429F23 /* Preview Assets.xcassets */; };
/* End PBXBuildFile section */

/* Begin PBXFileReference section */
		700A427B2B14D57E004A47DA /* landmarkData.json */ = {isa = PBXFileReference; fileEncoding = 4; lastKnownFileType = text.json; path = landmarkData.json; sourceTree = "<group>"; };
		700A427E2B14D5B6004A47DA /* Landmark.swift */ = {isa = PBXFileReference; lastKnownFileType = sourcecode.swift; path = Landmark.swift; sourceTree = "<group>"; };
		700A42962B14D7AF004A47DA /* Coordinates.swift */ = {isa = PBXFileReference; lastKnownFileType = sourcecode.swift; path = Coordinates.swift; sourceTree = "<group>"; };
		700A42992B14D856004A47DA /* LandmarkRepository.swift */ = {isa = PBXFileReference; lastKnownFileType = sourcecode.swift; path = LandmarkRepository.swift; sourceTree = "<group>"; };
		700A429B2B14D88B004A47DA /* JsonFileLoader.swift */ = {isa = PBXFileReference; lastKnownFileType = sourcecode.swift; path = JsonFileLoader.swift; sourceTree = "<group>"; };
		700A429E2B14DB70004A47DA /* LandmarkRow.swift */ = {isa = PBXFileReference; lastKnownFileType = sourcecode.swift; path = LandmarkRow.swift; sourceTree = "<group>"; };
		700A42A02B14DE29004A47DA /* LandmarksList.swift */ = {isa = PBXFileReference; lastKnownFileType = sourcecode.swift; path = LandmarksList.swift; sourceTree = "<group>"; };
		70328D032B11159100BC9A48 /* MapKit.framework */ = {isa = PBXFileReference; lastKnownFileType = wrapper.framework; name = MapKit.framework; path = Platforms/iPhoneOS.platform/Developer/SDKs/iPhoneOS16.4.sdk/System/Library/Frameworks/MapKit.framework; sourceTree = DEVELOPER_DIR; };
		703857312B1119460023231E /* CircleImage.swift */ = {isa = PBXFileReference; fileEncoding = 4; lastKnownFileType = sourcecode.swift; path = CircleImage.swift; sourceTree = "<group>"; };
		703857322B1119470023231E /* ParkView.swift */ = {isa = PBXFileReference; fileEncoding = 4; lastKnownFileType = sourcecode.swift; path = ParkView.swift; sourceTree = "<group>"; };
		7057A7A72B178B4000F0CB11 /* LandmarkService.swift */ = {isa = PBXFileReference; lastKnownFileType = sourcecode.swift; path = LandmarkService.swift; sourceTree = "<group>"; };
		70928A372B168C5B00870DC7 /* Route.swift */ = {isa = PBXFileReference; lastKnownFileType = sourcecode.swift; path = Route.swift; sourceTree = "<group>"; };
		70928A392B168D4B00870DC7 /* HomeScreen.swift */ = {isa = PBXFileReference; lastKnownFileType = sourcecode.swift; path = HomeScreen.swift; sourceTree = "<group>"; };
		70928A3B2B168D9200870DC7 /* NavigationGraph.swift */ = {isa = PBXFileReference; lastKnownFileType = sourcecode.swift; path = NavigationGraph.swift; sourceTree = "<group>"; };
		70A787642B16304C00B15B22 /* LandmarkListViewModel.swift */ = {isa = PBXFileReference; lastKnownFileType = sourcecode.swift; path = LandmarkListViewModel.swift; sourceTree = "<group>"; };
		70F21B592B10EBFB00429F23 /* Landmarks.app */ = {isa = PBXFileReference; explicitFileType = wrapper.application; includeInIndex = 0; path = Landmarks.app; sourceTree = BUILT_PRODUCTS_DIR; };
		70F21B5C2B10EBFB00429F23 /* LandmarksApp.swift */ = {isa = PBXFileReference; lastKnownFileType = sourcecode.swift; path = LandmarksApp.swift; sourceTree = "<group>"; };
		70F21B5E2B10EBFB00429F23 /* LandmarkDetails.swift */ = {isa = PBXFileReference; lastKnownFileType = sourcecode.swift; path = LandmarkDetails.swift; sourceTree = "<group>"; };
		70F21B602B10EBFC00429F23 /* Assets.xcassets */ = {isa = PBXFileReference; lastKnownFileType = folder.assetcatalog; path = Assets.xcassets; sourceTree = "<group>"; };
		70F21B622B10EBFC00429F23 /* Landmarks.entitlements */ = {isa = PBXFileReference; lastKnownFileType = text.plist.entitlements; path = Landmarks.entitlements; sourceTree = "<group>"; };
		70F21B642B10EBFC00429F23 /* Preview Assets.xcassets */ = {isa = PBXFileReference; lastKnownFileType = folder.assetcatalog; path = "Preview Assets.xcassets"; sourceTree = "<group>"; };
/* End PBXFileReference section */

/* Begin PBXFrameworksBuildPhase section */
		70F21B562B10EBFB00429F23 /* Frameworks */ = {
			isa = PBXFrameworksBuildPhase;
			buildActionMask = 2147483647;
			files = (
				70328D042B11159100BC9A48 /* MapKit.framework in Frameworks */,
				7057A7A42B177B2300F0CB11 /* Alamofire in Frameworks */,
			);
			runOnlyForDeploymentPostprocessing = 0;
		};
/* End PBXFrameworksBuildPhase section */

/* Begin PBXGroup section */
		700A427D2B14D597004A47DA /* model */ = {
			isa = PBXGroup;
			children = (
				7057A7A92B17B15F00F0CB11 /* DataSource */,
				7057A7A62B1788C600F0CB11 /* Network */,
			);
			path = model;
			sourceTree = "<group>";
		};
		700A42982B14D842004A47DA /* domain */ = {
			isa = PBXGroup;
			children = (
				700A427E2B14D5B6004A47DA /* Landmark.swift */,
				700A42962B14D7AF004A47DA /* Coordinates.swift */,
			);
			path = domain;
			sourceTree = "<group>";
		};
		700A429D2B14DA0D004A47DA /* presentation */ = {
			isa = PBXGroup;
			children = (
				70A787662B16439B00B15B22 /* Navigation */,
				70A787602B16244A00B15B22 /* UI */,
				70F21B5C2B10EBFB00429F23 /* LandmarksApp.swift */,
			);
			path = presentation;
			sourceTree = "<group>";
		};
		70328D022B11159000BC9A48 /* Frameworks */ = {
			isa = PBXGroup;
			children = (
				70328D032B11159100BC9A48 /* MapKit.framework */,
			);
			name = Frameworks;
			sourceTree = "<group>";
		};
		7057A7A62B1788C600F0CB11 /* Network */ = {
			isa = PBXGroup;
			children = (
				7057A7A72B178B4000F0CB11 /* LandmarkService.swift */,
			);
			path = Network;
			sourceTree = "<group>";
		};
		7057A7A92B17B15F00F0CB11 /* DataSource */ = {
			isa = PBXGroup;
			children = (
				700A42992B14D856004A47DA /* LandmarkRepository.swift */,
				700A429B2B14D88B004A47DA /* JsonFileLoader.swift */,
			);
			path = DataSource;
			sourceTree = "<group>";
		};
		70A787602B16244A00B15B22 /* UI */ = {
			isa = PBXGroup;
			children = (
				70A787632B16248B00B15B22 /* Details */,
				70A787622B16246C00B15B22 /* Components */,
				70A787612B16246500B15B22 /* Home */,
			);
			path = UI;
			sourceTree = "<group>";
		};
		70A787612B16246500B15B22 /* Home */ = {
			isa = PBXGroup;
			children = (
				700A42A02B14DE29004A47DA /* LandmarksList.swift */,
				70A787642B16304C00B15B22 /* LandmarkListViewModel.swift */,
			);
			path = Home;
			sourceTree = "<group>";
		};
		70A787622B16246C00B15B22 /* Components */ = {
			isa = PBXGroup;
			children = (
				703857312B1119460023231E /* CircleImage.swift */,
				703857322B1119470023231E /* ParkView.swift */,
				700A429E2B14DB70004A47DA /* LandmarkRow.swift */,
			);
			path = Components;
			sourceTree = "<group>";
		};
		70A787632B16248B00B15B22 /* Details */ = {
			isa = PBXGroup;
			children = (
				70F21B5E2B10EBFB00429F23 /* LandmarkDetails.swift */,
			);
			path = Details;
			sourceTree = "<group>";
		};
		70A787662B16439B00B15B22 /* Navigation */ = {
			isa = PBXGroup;
			children = (
				70928A372B168C5B00870DC7 /* Route.swift */,
				70928A392B168D4B00870DC7 /* HomeScreen.swift */,
				70928A3B2B168D9200870DC7 /* NavigationGraph.swift */,
			);
			path = Navigation;
			sourceTree = "<group>";
		};
		70F21B502B10EBFB00429F23 = {
			isa = PBXGroup;
			children = (
				700A427B2B14D57E004A47DA /* landmarkData.json */,
				70F21B5B2B10EBFB00429F23 /* Landmarks */,
				70F21B5A2B10EBFB00429F23 /* Products */,
				70328D022B11159000BC9A48 /* Frameworks */,
			);
			sourceTree = "<group>";
		};
		70F21B5A2B10EBFB00429F23 /* Products */ = {
			isa = PBXGroup;
			children = (
				70F21B592B10EBFB00429F23 /* Landmarks.app */,
			);
			name = Products;
			sourceTree = "<group>";
		};
		70F21B5B2B10EBFB00429F23 /* Landmarks */ = {
			isa = PBXGroup;
			children = (
				700A429D2B14DA0D004A47DA /* presentation */,
				700A42982B14D842004A47DA /* domain */,
				700A427D2B14D597004A47DA /* model */,
				70F21B602B10EBFC00429F23 /* Assets.xcassets */,
				70F21B622B10EBFC00429F23 /* Landmarks.entitlements */,
				70F21B632B10EBFC00429F23 /* Preview Content */,
			);
			path = Landmarks;
			sourceTree = "<group>";
		};
		70F21B632B10EBFC00429F23 /* Preview Content */ = {
			isa = PBXGroup;
			children = (
				70F21B642B10EBFC00429F23 /* Preview Assets.xcassets */,
			);
			path = "Preview Content";
			sourceTree = "<group>";
		};
/* End PBXGroup section */

/* Begin PBXNativeTarget section */
		70F21B582B10EBFB00429F23 /* Landmarks */ = {
			isa = PBXNativeTarget;
			buildConfigurationList = 70F21B682B10EBFC00429F23 /* Build configuration list for PBXNativeTarget "Landmarks" */;
			buildPhases = (
				70F21B552B10EBFB00429F23 /* Sources */,
				70F21B562B10EBFB00429F23 /* Frameworks */,
				70F21B572B10EBFB00429F23 /* Resources */,
			);
			buildRules = (
			);
			dependencies = (
			);
			name = Landmarks;
			packageProductDependencies = (
				7057A7A32B177B2300F0CB11 /* Alamofire */,
			);
			productName = Landmarks;
			productReference = 70F21B592B10EBFB00429F23 /* Landmarks.app */;
			productType = "com.apple.product-type.application";
		};
/* End PBXNativeTarget section */

/* Begin PBXProject section */
		70F21B512B10EBFB00429F23 /* Project object */ = {
			isa = PBXProject;
			attributes = {
				BuildIndependentTargetsInParallel = 1;
				LastSwiftUpdateCheck = 1430;
				LastUpgradeCheck = 1430;
				TargetAttributes = {
					70F21B582B10EBFB00429F23 = {
						CreatedOnToolsVersion = 14.3.1;
					};
				};
			};
			buildConfigurationList = 70F21B542B10EBFB00429F23 /* Build configuration list for PBXProject "Landmarks" */;
			compatibilityVersion = "Xcode 14.0";
			developmentRegion = en;
			hasScannedForEncodings = 0;
			knownRegions = (
				en,
				Base,
			);
			mainGroup = 70F21B502B10EBFB00429F23;
			packageReferences = (
				7057A7A22B177B2300F0CB11 /* XCRemoteSwiftPackageReference "Alamofire" */,
			);
			productRefGroup = 70F21B5A2B10EBFB00429F23 /* Products */;
			projectDirPath = "";
			projectRoot = "";
			targets = (
				70F21B582B10EBFB00429F23 /* Landmarks */,
			);
		};
/* End PBXProject section */

/* Begin PBXResourcesBuildPhase section */
		70F21B572B10EBFB00429F23 /* Resources */ = {
			isa = PBXResourcesBuildPhase;
			buildActionMask = 2147483647;
			files = (
				70F21B652B10EBFC00429F23 /* Preview Assets.xcassets in Resources */,
				70F21B612B10EBFC00429F23 /* Assets.xcassets in Resources */,
				700A427C2B14D57E004A47DA /* landmarkData.json in Resources */,
			);
			runOnlyForDeploymentPostprocessing = 0;
		};
/* End PBXResourcesBuildPhase section */

/* Begin PBXSourcesBuildPhase section */
		70F21B552B10EBFB00429F23 /* Sources */ = {
			isa = PBXSourcesBuildPhase;
			buildActionMask = 2147483647;
			files = (
				700A429C2B14D88B004A47DA /* JsonFileLoader.swift in Sources */,
				700A429A2B14D856004A47DA /* LandmarkRepository.swift in Sources */,
				70F21B5F2B10EBFB00429F23 /* LandmarkDetails.swift in Sources */,
				70F21B5D2B10EBFB00429F23 /* LandmarksApp.swift in Sources */,
				703857342B1119470023231E /* ParkView.swift in Sources */,
				70A787652B16304C00B15B22 /* LandmarkListViewModel.swift in Sources */,
				70928A3C2B168D9300870DC7 /* NavigationGraph.swift in Sources */,
				70928A3A2B168D4B00870DC7 /* HomeScreen.swift in Sources */,
				7057A7A82B178B4000F0CB11 /* LandmarkService.swift in Sources */,
				700A42A12B14DE29004A47DA /* LandmarksList.swift in Sources */,
				700A42972B14D7AF004A47DA /* Coordinates.swift in Sources */,
				703857332B1119470023231E /* CircleImage.swift in Sources */,
				70928A382B168C5B00870DC7 /* Route.swift in Sources */,
				700A427F2B14D5B6004A47DA /* Landmark.swift in Sources */,
				700A429F2B14DB70004A47DA /* LandmarkRow.swift in Sources */,
			);
			runOnlyForDeploymentPostprocessing = 0;
		};
/* End PBXSourcesBuildPhase section */

/* Begin XCBuildConfiguration section */
		70F21B662B10EBFC00429F23 /* Debug */ = {
			isa = XCBuildConfiguration;
			buildSettings = {
				ALWAYS_SEARCH_USER_PATHS = NO;
				CLANG_ANALYZER_NONNULL = YES;
				CLANG_ANALYZER_NUMBER_OBJECT_CONVERSION = YES_AGGRESSIVE;
				CLANG_CXX_LANGUAGE_STANDARD = "gnu++20";
				CLANG_ENABLE_MODULES = YES;
				CLANG_ENABLE_OBJC_ARC = YES;
				CLANG_ENABLE_OBJC_WEAK = YES;
				CLANG_WARN_BLOCK_CAPTURE_AUTORELEASING = YES;
				CLANG_WARN_BOOL_CONVERSION = YES;
				CLANG_WARN_COMMA = YES;
				CLANG_WARN_CONSTANT_CONVERSION = YES;
				CLANG_WARN_DEPRECATED_OBJC_IMPLEMENTATIONS = YES;
				CLANG_WARN_DIRECT_OBJC_ISA_USAGE = YES_ERROR;
				CLANG_WARN_DOCUMENTATION_COMMENTS = YES;
				CLANG_WARN_EMPTY_BODY = YES;
				CLANG_WARN_ENUM_CONVERSION = YES;
				CLANG_WARN_INFINITE_RECURSION = YES;
				CLANG_WARN_INT_CONVERSION = YES;
				CLANG_WARN_NON_LITERAL_NULL_CONVERSION = YES;
				CLANG_WARN_OBJC_IMPLICIT_RETAIN_SELF = YES;
				CLANG_WARN_OBJC_LITERAL_CONVERSION = YES;
				CLANG_WARN_OBJC_ROOT_CLASS = YES_ERROR;
				CLANG_WARN_QUOTED_INCLUDE_IN_FRAMEWORK_HEADER = YES;
				CLANG_WARN_RANGE_LOOP_ANALYSIS = YES;
				CLANG_WARN_STRICT_PROTOTYPES = YES;
				CLANG_WARN_SUSPICIOUS_MOVE = YES;
				CLANG_WARN_UNGUARDED_AVAILABILITY = YES_AGGRESSIVE;
				CLANG_WARN_UNREACHABLE_CODE = YES;
				CLANG_WARN__DUPLICATE_METHOD_MATCH = YES;
				COPY_PHASE_STRIP = NO;
				DEBUG_INFORMATION_FORMAT = dwarf;
				ENABLE_STRICT_OBJC_MSGSEND = YES;
				ENABLE_TESTABILITY = YES;
				GCC_C_LANGUAGE_STANDARD = gnu11;
				GCC_DYNAMIC_NO_PIC = NO;
				GCC_NO_COMMON_BLOCKS = YES;
				GCC_OPTIMIZATION_LEVEL = 0;
				GCC_PREPROCESSOR_DEFINITIONS = (
					"DEBUG=1",
					"$(inherited)",
				);
				GCC_WARN_64_TO_32_BIT_CONVERSION = YES;
				GCC_WARN_ABOUT_RETURN_TYPE = YES_ERROR;
				GCC_WARN_UNDECLARED_SELECTOR = YES;
				GCC_WARN_UNINITIALIZED_AUTOS = YES_AGGRESSIVE;
				GCC_WARN_UNUSED_FUNCTION = YES;
				GCC_WARN_UNUSED_VARIABLE = YES;
				MTL_ENABLE_DEBUG_INFO = INCLUDE_SOURCE;
				MTL_FAST_MATH = YES;
				ONLY_ACTIVE_ARCH = YES;
				SWIFT_ACTIVE_COMPILATION_CONDITIONS = DEBUG;
				SWIFT_OPTIMIZATION_LEVEL = "-Onone";
			};
			name = Debug;
		};
		70F21B672B10EBFC00429F23 /* Release */ = {
			isa = XCBuildConfiguration;
			buildSettings = {
				ALWAYS_SEARCH_USER_PATHS = NO;
				CLANG_ANALYZER_NONNULL = YES;
				CLANG_ANALYZER_NUMBER_OBJECT_CONVERSION = YES_AGGRESSIVE;
				CLANG_CXX_LANGUAGE_STANDARD = "gnu++20";
				CLANG_ENABLE_MODULES = YES;
				CLANG_ENABLE_OBJC_ARC = YES;
				CLANG_ENABLE_OBJC_WEAK = YES;
				CLANG_WARN_BLOCK_CAPTURE_AUTORELEASING = YES;
				CLANG_WARN_BOOL_CONVERSION = YES;
				CLANG_WARN_COMMA = YES;
				CLANG_WARN_CONSTANT_CONVERSION = YES;
				CLANG_WARN_DEPRECATED_OBJC_IMPLEMENTATIONS = YES;
				CLANG_WARN_DIRECT_OBJC_ISA_USAGE = YES_ERROR;
				CLANG_WARN_DOCUMENTATION_COMMENTS = YES;
				CLANG_WARN_EMPTY_BODY = YES;
				CLANG_WARN_ENUM_CONVERSION = YES;
				CLANG_WARN_INFINITE_RECURSION = YES;
				CLANG_WARN_INT_CONVERSION = YES;
				CLANG_WARN_NON_LITERAL_NULL_CONVERSION = YES;
				CLANG_WARN_OBJC_IMPLICIT_RETAIN_SELF = YES;
				CLANG_WARN_OBJC_LITERAL_CONVERSION = YES;
				CLANG_WARN_OBJC_ROOT_CLASS = YES_ERROR;
				CLANG_WARN_QUOTED_INCLUDE_IN_FRAMEWORK_HEADER = YES;
				CLANG_WARN_RANGE_LOOP_ANALYSIS = YES;
				CLANG_WARN_STRICT_PROTOTYPES = YES;
				CLANG_WARN_SUSPICIOUS_MOVE = YES;
				CLANG_WARN_UNGUARDED_AVAILABILITY = YES_AGGRESSIVE;
				CLANG_WARN_UNREACHABLE_CODE = YES;
				CLANG_WARN__DUPLICATE_METHOD_MATCH = YES;
				COPY_PHASE_STRIP = NO;
				DEBUG_INFORMATION_FORMAT = "dwarf-with-dsym";
				ENABLE_NS_ASSERTIONS = NO;
				ENABLE_STRICT_OBJC_MSGSEND = YES;
				GCC_C_LANGUAGE_STANDARD = gnu11;
				GCC_NO_COMMON_BLOCKS = YES;
				GCC_WARN_64_TO_32_BIT_CONVERSION = YES;
				GCC_WARN_ABOUT_RETURN_TYPE = YES_ERROR;
				GCC_WARN_UNDECLARED_SELECTOR = YES;
				GCC_WARN_UNINITIALIZED_AUTOS = YES_AGGRESSIVE;
				GCC_WARN_UNUSED_FUNCTION = YES;
				GCC_WARN_UNUSED_VARIABLE = YES;
				MTL_ENABLE_DEBUG_INFO = NO;
				MTL_FAST_MATH = YES;
				SWIFT_COMPILATION_MODE = wholemodule;
				SWIFT_OPTIMIZATION_LEVEL = "-O";
			};
			name = Release;
		};
		70F21B692B10EBFC00429F23 /* Debug */ = {
			isa = XCBuildConfiguration;
			buildSettings = {
				ASSETCATALOG_COMPILER_APPICON_NAME = AppIcon;
				ASSETCATALOG_COMPILER_GLOBAL_ACCENT_COLOR_NAME = AccentColor;
				CODE_SIGN_ENTITLEMENTS = Landmarks/Landmarks.entitlements;
				CODE_SIGN_IDENTITY = "Apple Development";
				CODE_SIGN_STYLE = Automatic;
				CURRENT_PROJECT_VERSION = 1;
				DEVELOPMENT_ASSET_PATHS = "\"Landmarks/Preview Content\"";
				DEVELOPMENT_TEAM = 425KU5N9TS;
				ENABLE_HARDENED_RUNTIME = YES;
				ENABLE_PREVIEWS = YES;
				GENERATE_INFOPLIST_FILE = YES;
				"INFOPLIST_KEY_UIApplicationSceneManifest_Generation[sdk=iphoneos*]" = YES;
				"INFOPLIST_KEY_UIApplicationSceneManifest_Generation[sdk=iphonesimulator*]" = YES;
				"INFOPLIST_KEY_UIApplicationSupportsIndirectInputEvents[sdk=iphoneos*]" = YES;
				"INFOPLIST_KEY_UIApplicationSupportsIndirectInputEvents[sdk=iphonesimulator*]" = YES;
				"INFOPLIST_KEY_UILaunchScreen_Generation[sdk=iphoneos*]" = YES;
				"INFOPLIST_KEY_UILaunchScreen_Generation[sdk=iphonesimulator*]" = YES;
				"INFOPLIST_KEY_UIStatusBarStyle[sdk=iphoneos*]" = UIStatusBarStyleDefault;
				"INFOPLIST_KEY_UIStatusBarStyle[sdk=iphonesimulator*]" = UIStatusBarStyleDefault;
				INFOPLIST_KEY_UISupportedInterfaceOrientations_iPad = "UIInterfaceOrientationPortrait UIInterfaceOrientationPortraitUpsideDown UIInterfaceOrientationLandscapeLeft UIInterfaceOrientationLandscapeRight";
				INFOPLIST_KEY_UISupportedInterfaceOrientations_iPhone = "UIInterfaceOrientationPortrait UIInterfaceOrientationLandscapeLeft UIInterfaceOrientationLandscapeRight";
				IPHONEOS_DEPLOYMENT_TARGET = 16.0;
				LD_RUNPATH_SEARCH_PATHS = "@executable_path/Frameworks";
				"LD_RUNPATH_SEARCH_PATHS[sdk=macosx*]" = "@executable_path/../Frameworks";
				MACOSX_DEPLOYMENT_TARGET = 13.2;
				MARKETING_VERSION = 1.0;
				PRODUCT_BUNDLE_IDENTIFIER = com.lisandroid.Landmarks;
				PRODUCT_NAME = "$(TARGET_NAME)";
				PROVISIONING_PROFILE_SPECIFIER = "";
				SDKROOT = auto;
				SUPPORTED_PLATFORMS = "iphoneos iphonesimulator macosx";
				SWIFT_EMIT_LOC_STRINGS = YES;
				SWIFT_VERSION = 5.0;
				TARGETED_DEVICE_FAMILY = "1,2";
			};
			name = Debug;
		};
		70F21B6A2B10EBFC00429F23 /* Release */ = {
			isa = XCBuildConfiguration;
			buildSettings = {
				ASSETCATALOG_COMPILER_APPICON_NAME = AppIcon;
				ASSETCATALOG_COMPILER_GLOBAL_ACCENT_COLOR_NAME = AccentColor;
				CODE_SIGN_ENTITLEMENTS = Landmarks/Landmarks.entitlements;
				CODE_SIGN_IDENTITY = "Apple Development";
				CODE_SIGN_STYLE = Automatic;
				CURRENT_PROJECT_VERSION = 1;
				DEVELOPMENT_ASSET_PATHS = "\"Landmarks/Preview Content\"";
				DEVELOPMENT_TEAM = 425KU5N9TS;
				ENABLE_HARDENED_RUNTIME = YES;
				ENABLE_PREVIEWS = YES;
				GENERATE_INFOPLIST_FILE = YES;
				"INFOPLIST_KEY_UIApplicationSceneManifest_Generation[sdk=iphoneos*]" = YES;
				"INFOPLIST_KEY_UIApplicationSceneManifest_Generation[sdk=iphonesimulator*]" = YES;
				"INFOPLIST_KEY_UIApplicationSupportsIndirectInputEvents[sdk=iphoneos*]" = YES;
				"INFOPLIST_KEY_UIApplicationSupportsIndirectInputEvents[sdk=iphonesimulator*]" = YES;
				"INFOPLIST_KEY_UILaunchScreen_Generation[sdk=iphoneos*]" = YES;
				"INFOPLIST_KEY_UILaunchScreen_Generation[sdk=iphonesimulator*]" = YES;
				"INFOPLIST_KEY_UIStatusBarStyle[sdk=iphoneos*]" = UIStatusBarStyleDefault;
				"INFOPLIST_KEY_UIStatusBarStyle[sdk=iphonesimulator*]" = UIStatusBarStyleDefault;
				INFOPLIST_KEY_UISupportedInterfaceOrientations_iPad = "UIInterfaceOrientationPortrait UIInterfaceOrientationPortraitUpsideDown UIInterfaceOrientationLandscapeLeft UIInterfaceOrientationLandscapeRight";
				INFOPLIST_KEY_UISupportedInterfaceOrientations_iPhone = "UIInterfaceOrientationPortrait UIInterfaceOrientationLandscapeLeft UIInterfaceOrientationLandscapeRight";
				IPHONEOS_DEPLOYMENT_TARGET = 16.0;
				LD_RUNPATH_SEARCH_PATHS = "@executable_path/Frameworks";
				"LD_RUNPATH_SEARCH_PATHS[sdk=macosx*]" = "@executable_path/../Frameworks";
				MACOSX_DEPLOYMENT_TARGET = 13.2;
				MARKETING_VERSION = 1.0;
				PRODUCT_BUNDLE_IDENTIFIER = com.lisandroid.Landmarks;
				PRODUCT_NAME = "$(TARGET_NAME)";
				PROVISIONING_PROFILE_SPECIFIER = "";
				SDKROOT = auto;
				SUPPORTED_PLATFORMS = "iphoneos iphonesimulator macosx";
				SWIFT_EMIT_LOC_STRINGS = YES;
				SWIFT_VERSION = 5.0;
				TARGETED_DEVICE_FAMILY = "1,2";
			};
			name = Release;
		};
/* End XCBuildConfiguration section */

/* Begin XCConfigurationList section */
		70F21B542B10EBFB00429F23 /* Build configuration list for PBXProject "Landmarks" */ = {
			isa = XCConfigurationList;
			buildConfigurations = (
				70F21B662B10EBFC00429F23 /* Debug */,
				70F21B672B10EBFC00429F23 /* Release */,
			);
			defaultConfigurationIsVisible = 0;
			defaultConfigurationName = Release;
		};
		70F21B682B10EBFC00429F23 /* Build configuration list for PBXNativeTarget "Landmarks" */ = {
			isa = XCConfigurationList;
			buildConfigurations = (
				70F21B692B10EBFC00429F23 /* Debug */,
				70F21B6A2B10EBFC00429F23 /* Release */,
			);
			defaultConfigurationIsVisible = 0;
			defaultConfigurationName = Release;
		};
/* End XCConfigurationList section */

/* Begin XCRemoteSwiftPackageReference section */
		7057A7A22B177B2300F0CB11 /* XCRemoteSwiftPackageReference "Alamofire" */ = {
			isa = XCRemoteSwiftPackageReference;
			repositoryURL = "https://github.com/Alamofire/Alamofire.git";
			requirement = {
				kind = upToNextMajorVersion;
				minimumVersion = 5.0.0;
			};
		};
/* End XCRemoteSwiftPackageReference section */

/* Begin XCSwiftPackageProductDependency section */
		7057A7A32B177B2300F0CB11 /* Alamofire */ = {
			isa = XCSwiftPackageProductDependency;
			package = 7057A7A22B177B2300F0CB11 /* XCRemoteSwiftPackageReference "Alamofire" */;
			productName = Alamofire;
		};
/* End XCSwiftPackageProductDependency section */
	};
	rootObject = 70F21B512B10EBFB00429F23 /* Project object */;
}
